
Microsoft Visual Studio Solution File, Format Version 11.00
# Visual Studio 2010
Project("{FAE04EC0-301F-11D3-BF4B-00C04F79EFBC}") = "SocketClient", "SocketClient\SocketClient.csproj", "{54B2D95D-44E4-4161-AC80-FB1CA56B190B}"
EndProject
Project("{FAE04EC0-301F-11D3-BF4B-00C04F79EFBC}") = "DAL", "DAL\DAL.csproj", "{7F06E501-421C-4872-A787-73892104648E}"
EndProject
Project("{FAE04EC0-301F-11D3-BF4B-00C04F79EFBC}") = "BLL", "BLL\BLL.csproj", "{CFAAF28A-B2F8-4D03-94C4-5A5610BDB00F}"
EndProject
Project("{FAE04EC0-301F-11D3-BF4B-00C04F79EFBC}") = "Model", "Model\Model.csproj", "{7B0E72A2-0EDC-4B84-AA1E-EC149C293877}"
EndProject
Project("{FAE04EC0-301F-11D3-BF4B-00C04F79EFBC}") = "DBUtility", "DBUtility\DBUtility.csproj", "{465767A7-55C7-46FB-97F2-DE6F582B8A94}"
EndProject
Project("{FAE04EC0-301F-11D3-BF4B-00C04F79EFBC}") = "FaithProject", "FaithProject\FaithProject.csproj", "{7072D022-60CE-4947-866A-211075B3DAE4}"
EndProject
Project("{54435603-DBB4-11D2-8724-00A0C9A8B90C}") = "Setup1", "Setup1\Setup1.vdproj", "{BE46D504-7F90-40BB-BB0E-A38BAD3726C8}"
EndProject
Project("{FAE04EC0-301F-11D3-BF4B-00C04F79EFBC}") = "Ulity", "Ulity\Ulity.csproj", "{AB78DC1D-92C7-41E3-832B-A36EE74ADC48}"
EndProject
Global
	GlobalSection(SolutionConfigurationPlatforms) = preSolution
		Debug|Any CPU = Debug|Any CPU
		Debug|Mixed Platforms = Debug|Mixed Platforms
		Debug|x86 = Debug|x86
		Release|Any CPU = Release|Any CPU
		Release|Mixed Platforms = Release|Mixed Platforms
		Release|x86 = Release|x86
	EndGlobalSection
	GlobalSection(ProjectConfigurationPlatforms) = postSolution
		{54B2D95D-44E4-4161-AC80-FB1CA56B190B}.Debug|Any CPU.ActiveCfg = Debug|x86
		{54B2D95D-44E4-4161-AC80-FB1CA56B190B}.Debug|Mixed Platforms.ActiveCfg = Debug|x86
		{54B2D95D-44E4-4161-AC80-FB1CA56B190B}.Debug|Mixed Platforms.Build.0 = Debug|x86
		{54B2D95D-44E4-4161-AC80-FB1CA56B190B}.Debug|x86.ActiveCfg = Debug|x86
		{54B2D95D-44E4-4161-AC80-FB1CA56B190B}.Debug|x86.Build.0 = Debug|x86
		{54B2D95D-44E4-4161-AC80-FB1CA56B190B}.Release|Any CPU.ActiveCfg = Release|x86
		{54B2D95D-44E4-4161-AC80-FB1CA56B190B}.Release|Mixed Platforms.ActiveCfg = Release|x86
		{54B2D95D-44E4-4161-AC80-FB1CA56B190B}.Release|Mixed Platforms.Build.0 = Release|x86
		{54B2D95D-44E4-4161-AC80-FB1CA56B190B}.Release|x86.ActiveCfg = Release|x86
		{54B2D95D-44E4-4161-AC80-FB1CA56B190B}.Release|x86.Build.0 = Release|x86
		{7F06E501-421C-4872-A787-73892104648E}.Debug|Any CPU.ActiveCfg = Debug|Any CPU
		{7F06E501-421C-4872-A787-73892104648E}.Debug|Any CPU.Build.0 = Debug|Any CPU
		{7F06E501-421C-4872-A787-73892104648E}.Debug|Mixed Platforms.ActiveCfg = Debug|Any CPU
		{7F06E501-421C-4872-A787-73892104648E}.Debug|Mixed Platforms.Build.0 = Debug|Any CPU
		{7F06E501-421C-4872-A787-73892104648E}.Debug|x86.ActiveCfg = Debug|Any CPU
		{7F06E501-421C-4872-A787-73892104648E}.Release|Any CPU.ActiveCfg = Release|Any CPU
		{7F06E501-421C-4872-A787-73892104648E}.Release|Any CPU.Build.0 = Release|Any CPU
		{7F06E501-421C-4872-A787-73892104648E}.Release|Mixed Platforms.ActiveCfg = Release|Any CPU
		{7F06E501-421C-4872-A787-73892104648E}.Release|Mixed Platforms.Build.0 = Release|Any CPU
		{7F06E501-421C-4872-A787-73892104648E}.Release|x86.ActiveCfg = Release|Any CPU
		{CFAAF28A-B2F8-4D03-94C4-5A5610BDB00F}.Debug|Any CPU.ActiveCfg = Debug|Any CPU
		{CFAAF28A-B2F8-4D03-94C4-5A5610BDB00F}.Debug|Any CPU.Build.0 = Debug|Any CPU
		{CFAAF28A-B2F8-4D03-94C4-5A5610BDB00F}.Debug|Mixed Platforms.ActiveCfg = Debug|Any CPU
		{CFAAF28A-B2F8-4D03-94C4-5A5610BDB00F}.Debug|Mixed Platforms.Build.0 = Debug|Any CPU
		{CFAAF28A-B2F8-4D03-94C4-5A5610BDB00F}.Debug|x86.ActiveCfg = Debug|Any CPU
		{CFAAF28A-B2F8-4D03-94C4-5A5610BDB00F}.Release|Any CPU.ActiveCfg = Release|Any CPU
		{CFAAF28A-B2F8-4D03-94C4-5A5610BDB00F}.Release|Any CPU.Build.0 = Release|Any CPU
		{CFAAF28A-B2F8-4D03-94C4-5A5610BDB00F}.Release|Mixed Platforms.ActiveCfg = Release|Any CPU
		{CFAAF28A-B2F8-4D03-94C4-5A5610BDB00F}.Release|Mixed Platforms.Build.0 = Release|Any CPU
		{CFAAF28A-B2F8-4D03-94C4-5A5610BDB00F}.Release|x86.ActiveCfg = Release|Any CPU
		{7B0E72A2-0EDC-4B84-AA1E-EC149C293877}.Debug|Any CPU.ActiveCfg = Debug|Any CPU
		{7B0E72A2-0EDC-4B84-AA1E-EC149C293877}.Debug|Any CPU.Build.0 = Debug|Any CPU
		{7B0E72A2-0EDC-4B84-AA1E-EC149C293877}.Debug|Mixed Platforms.ActiveCfg = Debug|Any CPU
		{7B0E72A2-0EDC-4B84-AA1E-EC149C293877}.Debug|Mixed Platforms.Build.0 = Debug|Any CPU
		{7B0E72A2-0EDC-4B84-AA1E-EC149C293877}.Debug|x86.ActiveCfg = Debug|Any CPU
		{7B0E72A2-0EDC-4B84-AA1E-EC149C293877}.Release|Any CPU.ActiveCfg = Release|Any CPU
		{7B0E72A2-0EDC-4B84-AA1E-EC149C293877}.Release|Any CPU.Build.0 = Release|Any CPU
		{7B0E72A2-0EDC-4B84-AA1E-EC149C293877}.Release|Mixed Platforms.ActiveCfg = Release|Any CPU
		{7B0E72A2-0EDC-4B84-AA1E-EC149C293877}.Release|Mixed Platforms.Build.0 = Release|Any CPU
		{7B0E72A2-0EDC-4B84-AA1E-EC149C293877}.Release|x86.ActiveCfg = Release|Any CPU
		{465767A7-55C7-46FB-97F2-DE6F582B8A94}.Debug|Any CPU.ActiveCfg = Debug|Any CPU
		{465767A7-55C7-46FB-97F2-DE6F582B8A94}.Debug|Any CPU.Build.0 = Debug|Any CPU
		{465767A7-55C7-46FB-97F2-DE6F582B8A94}.Debug|Mixed Platforms.ActiveCfg = Debug|Any CPU
		{465767A7-55C7-46FB-97F2-DE6F582B8A94}.Debug|Mixed Platforms.Build.0 = Debug|Any CPU
		{465767A7-55C7-46FB-97F2-DE6F582B8A94}.Debug|x86.ActiveCfg = Debug|Any CPU
		{465767A7-55C7-46FB-97F2-DE6F582B8A94}.Release|Any CPU.ActiveCfg = Release|Any CPU
		{465767A7-55C7-46FB-97F2-DE6F582B8A94}.Release|Any CPU.Build.0 = Release|Any CPU
		{465767A7-55C7-46FB-97F2-DE6F582B8A94}.Release|Mixed Platforms.ActiveCfg = Release|Any CPU
		{465767A7-55C7-46FB-97F2-DE6F582B8A94}.Release|Mixed Platforms.Build.0 = Release|Any CPU
		{465767A7-55C7-46FB-97F2-DE6F582B8A94}.Release|x86.ActiveCfg = Release|Any CPU
		{7072D022-60CE-4947-866A-211075B3DAE4}.Debug|Any CPU.ActiveCfg = Debug|Any CPU
		{7072D022-60CE-4947-866A-211075B3DAE4}.Debug|Any CPU.Build.0 = Debug|Any CPU
		{7072D022-60CE-4947-866A-211075B3DAE4}.Debug|Mixed Platforms.ActiveCfg = Debug|Any CPU
		{7072D022-60CE-4947-866A-211075B3DAE4}.Debug|Mixed Platforms.Build.0 = Debug|Any CPU
		{7072D022-60CE-4947-866A-211075B3DAE4}.Debug|x86.ActiveCfg = Debug|Any CPU
		{7072D022-60CE-4947-866A-211075B3DAE4}.Release|Any CPU.ActiveCfg = Release|Any CPU
		{7072D022-60CE-4947-866A-211075B3DAE4}.Release|Any CPU.Build.0 = Release|Any CPU
		{7072D022-60CE-4947-866A-211075B3DAE4}.Release|Mixed Platforms.ActiveCfg = Release|Any CPU
		{7072D022-60CE-4947-866A-211075B3DAE4}.Release|Mixed Platforms.Build.0 = Release|Any CPU
		{7072D022-60CE-4947-866A-211075B3DAE4}.Release|x86.ActiveCfg = Release|Any CPU
		{BE46D504-7F90-40BB-BB0E-A38BAD3726C8}.Debug|Any CPU.ActiveCfg = Debug
		{BE46D504-7F90-40BB-BB0E-A38BAD3726C8}.Debug|Mixed Platforms.ActiveCfg = Debug
		{BE46D504-7F90-40BB-BB0E-A38BAD3726C8}.Debug|x86.ActiveCfg = Debug
		{BE46D504-7F90-40BB-BB0E-A38BAD3726C8}.Release|Any CPU.ActiveCfg = Release
		{BE46D504-7F90-40BB-BB0E-A38BAD3726C8}.Release|Mixed Platforms.ActiveCfg = Release
		{BE46D504-7F90-40BB-BB0E-A38BAD3726C8}.Release|x86.ActiveCfg = Release
		{AB78DC1D-92C7-41E3-832B-A36EE74ADC48}.Debug|Any CPU.ActiveCfg = Debug|Any CPU
		{AB78DC1D-92C7-41E3-832B-A36EE74ADC48}.Debug|Any CPU.Build.0 = Debug|Any CPU
		{AB78DC1D-92C7-41E3-832B-A36EE74ADC48}.Debug|Mixed Platforms.ActiveCfg = Debug|Any CPU
		{AB78DC1D-92C7-41E3-832B-A36EE74ADC48}.Debug|Mixed Platforms.Build.0 = Debug|Any CPU
		{AB78DC1D-92C7-41E3-832B-A36EE74ADC48}.Debug|x86.ActiveCfg = Debug|Any CPU
		{AB78DC1D-92C7-41E3-832B-A36EE74ADC48}.Release|Any CPU.ActiveCfg = Release|Any CPU
		{AB78DC1D-92C7-41E3-832B-A36EE74ADC48}.Release|Any CPU.Build.0 = Release|Any CPU
		{AB78DC1D-92C7-41E3-832B-A36EE74ADC48}.Release|Mixed Platforms.ActiveCfg = Release|Any CPU
		{AB78DC1D-92C7-41E3-832B-A36EE74ADC48}.Release|Mixed Platforms.Build.0 = Release|Any CPU
		{AB78DC1D-92C7-41E3-832B-A36EE74ADC48}.Release|x86.ActiveCfg = Release|Any CPU
	EndGlobalSection
	GlobalSection(SolutionProperties) = preSolution
		HideSolutionNode = FALSE
	EndGlobalSection
EndGlobal
